
Microsoft Visual Studio Solution File, Format Version 12.00
# Visual Studio Version 17
VisualStudioVersion = 17.1.32328.378
MinimumVisualStudioVersion = 10.0.40219.1
Project("{FAE04EC0-301F-11D3-BF4B-00C04F79EFBC}") = "auth_app", "auth_app\auth_app.csproj", "{658899F8-D64A-4505-A2A9-EA98F9A124DA}"
EndProject
Global
	GlobalSection(SolutionConfigurationPlatforms) = preSolution
		Debug|Any CPU = Debug|Any CPU
		Release|Any CPU = Release|Any CPU
	EndGlobalSection
	GlobalSection(ProjectConfigurationPlatforms) = postSolution
		{658899F8-D64A-4505-A2A9-EA98F9A124DA}.Debug|Any CPU.ActiveCfg = Debug|Any CPU
		{658899F8-D64A-4505-A2A9-EA98F9A124DA}.Debug|Any CPU.Build.0 = Debug|Any CPU
		{658899F8-D64A-4505-A2A9-EA98F9A124DA}.Release|Any CPU.ActiveCfg = Release|Any CPU
		{658899F8-D64A-4505-A2A9-EA98F9A124DA}.Release|Any CPU.Build.0 = Release|Any CPU
	EndGlobalSection
	GlobalSection(SolutionProperties) = preSolution
		HideSolutionNode = FALSE
	EndGlobalSection
	GlobalSection(ExtensibilityGlobals) = postSolution
		SolutionGuid = {264902E6-3A52-41F4-80F1-3593DF7EC0DB}
	EndGlobalSection
EndGlobal
